// !$*UTF8*$!
{
	archiveVersion = 1;
	classes = {
	};
	objectVersion = 56;
	objects = {

/* Begin PBXBuildFile section */
		C23DC4422B724680000BEB58 /* DetailScreen.storyboard in Resources */ = {isa = PBXBuildFile; fileRef = C23DC4412B724680000BEB58 /* DetailScreen.storyboard */; };
		C263A8532B54FB9E006BB0E5 /* MagazineDetailViewController.swift in Sources */ = {isa = PBXBuildFile; fileRef = C263A8522B54FB9E006BB0E5 /* MagazineDetailViewController.swift */; };
		C263A85B2B5509DF006BB0E5 /* Protocol.swift in Sources */ = {isa = PBXBuildFile; fileRef = C263A85A2B5509DF006BB0E5 /* Protocol.swift */; };
		C26708942B4BEBFA0069223A /* MagazineInfo.swift in Sources */ = {isa = PBXBuildFile; fileRef = C26708932B4BEBFA0069223A /* MagazineInfo.swift */; };
		C26708962B4BF0C90069223A /* TravelMagazineTableViewController.swift in Sources */ = {isa = PBXBuildFile; fileRef = C26708952B4BF0C90069223A /* TravelMagazineTableViewController.swift */; };
		C26708982B4BF0F80069223A /* TravelMagazineTableViewCell.swift in Sources */ = {isa = PBXBuildFile; fileRef = C26708972B4BF0F80069223A /* TravelMagazineTableViewCell.swift */; };
		C267089B2B4C01CA0069223A /* Kingfisher in Frameworks */ = {isa = PBXBuildFile; productRef = C267089A2B4C01CA0069223A /* Kingfisher */; };
		C26708B02B4D32280069223A /* CityInfo.swift in Sources */ = {isa = PBXBuildFile; fileRef = C26708AF2B4D32280069223A /* CityInfo.swift */; };
		C26708B62B4D33F90069223A /* TravelCityCollectionViewController.swift in Sources */ = {isa = PBXBuildFile; fileRef = C26708B52B4D33F90069223A /* TravelCityCollectionViewController.swift */; };
		C26708B82B4D34F50069223A /* TravelCityCollectionViewCell.swift in Sources */ = {isa = PBXBuildFile; fileRef = C26708B72B4D34F50069223A /* TravelCityCollectionViewCell.swift */; };
		C26708BA2B4D3EAD0069223A /* TravelCity2CollectionViewController.swift in Sources */ = {isa = PBXBuildFile; fileRef = C26708B92B4D3EAD0069223A /* TravelCity2CollectionViewController.swift */; };
		C26708BD2B4D3F160069223A /* TravelCity2CollectionViewCell.swift in Sources */ = {isa = PBXBuildFile; fileRef = C26708BB2B4D3F160069223A /* TravelCity2CollectionViewCell.swift */; };
		C26708BE2B4D3F160069223A /* TravelCity2CollectionViewCell.xib in Resources */ = {isa = PBXBuildFile; fileRef = C26708BC2B4D3F160069223A /* TravelCity2CollectionViewCell.xib */; };
		C26708C72B4D5BD70069223A /* TravelCity3CollectionViewCell.swift in Sources */ = {isa = PBXBuildFile; fileRef = C26708C52B4D5BD70069223A /* TravelCity3CollectionViewCell.swift */; };
		C26708C82B4D5BD70069223A /* TravelCity3CollectionViewCell.xib in Resources */ = {isa = PBXBuildFile; fileRef = C26708C62B4D5BD70069223A /* TravelCity3CollectionViewCell.xib */; };
		C26708CA2B4D5E610069223A /* TravelCity3ViewController.swift in Sources */ = {isa = PBXBuildFile; fileRef = C26708C92B4D5E610069223A /* TravelCity3ViewController.swift */; };
		C293A60B2B480B7C00B7D97B /* AppDelegate.swift in Sources */ = {isa = PBXBuildFile; fileRef = C293A60A2B480B7C00B7D97B /* AppDelegate.swift */; };
		C293A60D2B480B7C00B7D97B /* SceneDelegate.swift in Sources */ = {isa = PBXBuildFile; fileRef = C293A60C2B480B7C00B7D97B /* SceneDelegate.swift */; };
		C293A60F2B480B7C00B7D97B /* ViewController.swift in Sources */ = {isa = PBXBuildFile; fileRef = C293A60E2B480B7C00B7D97B /* ViewController.swift */; };
		C293A6122B480B7C00B7D97B /* Main.storyboard in Resources */ = {isa = PBXBuildFile; fileRef = C293A6102B480B7C00B7D97B /* Main.storyboard */; };
		C293A6142B480B7E00B7D97B /* Assets.xcassets in Resources */ = {isa = PBXBuildFile; fileRef = C293A6132B480B7E00B7D97B /* Assets.xcassets */; };
		C293A6172B480B7E00B7D97B /* LaunchScreen.storyboard in Resources */ = {isa = PBXBuildFile; fileRef = C293A6152B480B7E00B7D97B /* LaunchScreen.storyboard */; };
		C293A61F2B48146F00B7D97B /* SettingTableViewController.swift in Sources */ = {isa = PBXBuildFile; fileRef = C293A61E2B48146F00B7D97B /* SettingTableViewController.swift */; };
		C293A6212B481DD500B7D97B /* ShoppingTableViewController.swift in Sources */ = {isa = PBXBuildFile; fileRef = C293A6202B481DD500B7D97B /* ShoppingTableViewController.swift */; };
		C293A6232B481F9200B7D97B /* ShoppingTableViewCell.swift in Sources */ = {isa = PBXBuildFile; fileRef = C293A6222B481F9200B7D97B /* ShoppingTableViewCell.swift */; };
		C2A99AA22B734DA300088502 /* DetailViewController.swift in Sources */ = {isa = PBXBuildFile; fileRef = C2A99AA12B734DA300088502 /* DetailViewController.swift */; };
		C2B3BDCA2B4FE8B2004A8E9A /* TravelModel.swift in Sources */ = {isa = PBXBuildFile; fileRef = C2B3BDC92B4FE8B1004A8E9A /* TravelModel.swift */; };
		C2B3BDD22B4FF182004A8E9A /* TravelDetailViewController.swift in Sources */ = {isa = PBXBuildFile; fileRef = C2B3BDD12B4FF182004A8E9A /* TravelDetailViewController.swift */; };
		C2B3BDD92B4FF1C6004A8E9A /* DetailTableViewCell.swift in Sources */ = {isa = PBXBuildFile; fileRef = C2B3BDD72B4FF1C6004A8E9A /* DetailTableViewCell.swift */; };
		C2B3BDDA2B4FF1C6004A8E9A /* DetailTableViewCell.xib in Resources */ = {isa = PBXBuildFile; fileRef = C2B3BDD82B4FF1C6004A8E9A /* DetailTableViewCell.xib */; };
		C2B3BDDD2B4FF1D7004A8E9A /* ADTableViewCell.swift in Sources */ = {isa = PBXBuildFile; fileRef = C2B3BDDB2B4FF1D7004A8E9A /* ADTableViewCell.swift */; };
		C2B3BDDE2B4FF1D7004A8E9A /* ADTableViewCell.xib in Resources */ = {isa = PBXBuildFile; fileRef = C2B3BDDC2B4FF1D7004A8E9A /* ADTableViewCell.xib */; };
		C2B3BDE22B4FFBDD004A8E9A /* Detail.storyboard in Resources */ = {isa = PBXBuildFile; fileRef = C2B3BDE12B4FFBDD004A8E9A /* Detail.storyboard */; };
/* End PBXBuildFile section */

/* Begin PBXFileReference section */
		C23DC4412B724680000BEB58 /* DetailScreen.storyboard */ = {isa = PBXFileReference; lastKnownFileType = file.storyboard; path = DetailScreen.storyboard; sourceTree = "<group>"; };
		C263A8522B54FB9E006BB0E5 /* MagazineDetailViewController.swift */ = {isa = PBXFileReference; lastKnownFileType = sourcecode.swift; path = MagazineDetailViewController.swift; sourceTree = "<group>"; };
		C263A85A2B5509DF006BB0E5 /* Protocol.swift */ = {isa = PBXFileReference; lastKnownFileType = sourcecode.swift; path = Protocol.swift; sourceTree = "<group>"; };
		C26708932B4BEBFA0069223A /* MagazineInfo.swift */ = {isa = PBXFileReference; fileEncoding = 4; lastKnownFileType = sourcecode.swift; path = MagazineInfo.swift; sourceTree = "<group>"; };
		C26708952B4BF0C90069223A /* TravelMagazineTableViewController.swift */ = {isa = PBXFileReference; lastKnownFileType = sourcecode.swift; path = TravelMagazineTableViewController.swift; sourceTree = "<group>"; };
		C26708972B4BF0F80069223A /* TravelMagazineTableViewCell.swift */ = {isa = PBXFileReference; lastKnownFileType = sourcecode.swift; path = TravelMagazineTableViewCell.swift; sourceTree = "<group>"; };
		C26708AF2B4D32280069223A /* CityInfo.swift */ = {isa = PBXFileReference; fileEncoding = 4; lastKnownFileType = sourcecode.swift; path = CityInfo.swift; sourceTree = "<group>"; };
		C26708B52B4D33F90069223A /* TravelCityCollectionViewController.swift */ = {isa = PBXFileReference; lastKnownFileType = sourcecode.swift; path = TravelCityCollectionViewController.swift; sourceTree = "<group>"; };
		C26708B72B4D34F50069223A /* TravelCityCollectionViewCell.swift */ = {isa = PBXFileReference; lastKnownFileType = sourcecode.swift; path = TravelCityCollectionViewCell.swift; sourceTree = "<group>"; };
		C26708B92B4D3EAD0069223A /* TravelCity2CollectionViewController.swift */ = {isa = PBXFileReference; lastKnownFileType = sourcecode.swift; path = TravelCity2CollectionViewController.swift; sourceTree = "<group>"; };
		C26708BB2B4D3F160069223A /* TravelCity2CollectionViewCell.swift */ = {isa = PBXFileReference; lastKnownFileType = sourcecode.swift; path = TravelCity2CollectionViewCell.swift; sourceTree = "<group>"; };
		C26708BC2B4D3F160069223A /* TravelCity2CollectionViewCell.xib */ = {isa = PBXFileReference; lastKnownFileType = file.xib; path = TravelCity2CollectionViewCell.xib; sourceTree = "<group>"; };
		C26708C52B4D5BD70069223A /* TravelCity3CollectionViewCell.swift */ = {isa = PBXFileReference; lastKnownFileType = sourcecode.swift; path = TravelCity3CollectionViewCell.swift; sourceTree = "<group>"; };
		C26708C62B4D5BD70069223A /* TravelCity3CollectionViewCell.xib */ = {isa = PBXFileReference; lastKnownFileType = file.xib; path = TravelCity3CollectionViewCell.xib; sourceTree = "<group>"; };
		C26708C92B4D5E610069223A /* TravelCity3ViewController.swift */ = {isa = PBXFileReference; lastKnownFileType = sourcecode.swift; path = TravelCity3ViewController.swift; sourceTree = "<group>"; };
		C293A6072B480B7C00B7D97B /* SeSAC_HW_TableViewController.app */ = {isa = PBXFileReference; explicitFileType = wrapper.application; includeInIndex = 0; path = SeSAC_HW_TableViewController.app; sourceTree = BUILT_PRODUCTS_DIR; };
		C293A60A2B480B7C00B7D97B /* AppDelegate.swift */ = {isa = PBXFileReference; lastKnownFileType = sourcecode.swift; path = AppDelegate.swift; sourceTree = "<group>"; };
		C293A60C2B480B7C00B7D97B /* SceneDelegate.swift */ = {isa = PBXFileReference; lastKnownFileType = sourcecode.swift; path = SceneDelegate.swift; sourceTree = "<group>"; };
		C293A60E2B480B7C00B7D97B /* ViewController.swift */ = {isa = PBXFileReference; lastKnownFileType = sourcecode.swift; path = ViewController.swift; sourceTree = "<group>"; };
		C293A6112B480B7C00B7D97B /* Base */ = {isa = PBXFileReference; lastKnownFileType = file.storyboard; name = Base; path = Base.lproj/Main.storyboard; sourceTree = "<group>"; };
		C293A6132B480B7E00B7D97B /* Assets.xcassets */ = {isa = PBXFileReference; lastKnownFileType = folder.assetcatalog; path = Assets.xcassets; sourceTree = "<group>"; };
		C293A6162B480B7E00B7D97B /* Base */ = {isa = PBXFileReference; lastKnownFileType = file.storyboard; name = Base; path = Base.lproj/LaunchScreen.storyboard; sourceTree = "<group>"; };
		C293A6182B480B7E00B7D97B /* Info.plist */ = {isa = PBXFileReference; lastKnownFileType = text.plist.xml; path = Info.plist; sourceTree = "<group>"; };
		C293A61E2B48146F00B7D97B /* SettingTableViewController.swift */ = {isa = PBXFileReference; lastKnownFileType = sourcecode.swift; path = SettingTableViewController.swift; sourceTree = "<group>"; };
		C293A6202B481DD500B7D97B /* ShoppingTableViewController.swift */ = {isa = PBXFileReference; lastKnownFileType = sourcecode.swift; path = ShoppingTableViewController.swift; sourceTree = "<group>"; };
		C293A6222B481F9200B7D97B /* ShoppingTableViewCell.swift */ = {isa = PBXFileReference; lastKnownFileType = sourcecode.swift; path = ShoppingTableViewCell.swift; sourceTree = "<group>"; };
		C2A99AA12B734DA300088502 /* DetailViewController.swift */ = {isa = PBXFileReference; lastKnownFileType = sourcecode.swift; path = DetailViewController.swift; sourceTree = "<group>"; };
		C2B3BDC92B4FE8B1004A8E9A /* TravelModel.swift */ = {isa = PBXFileReference; fileEncoding = 4; lastKnownFileType = sourcecode.swift; path = TravelModel.swift; sourceTree = "<group>"; };
		C2B3BDD12B4FF182004A8E9A /* TravelDetailViewController.swift */ = {isa = PBXFileReference; lastKnownFileType = sourcecode.swift; path = TravelDetailViewController.swift; sourceTree = "<group>"; };
		C2B3BDD72B4FF1C6004A8E9A /* DetailTableViewCell.swift */ = {isa = PBXFileReference; lastKnownFileType = sourcecode.swift; path = DetailTableViewCell.swift; sourceTree = "<group>"; };
		C2B3BDD82B4FF1C6004A8E9A /* DetailTableViewCell.xib */ = {isa = PBXFileReference; lastKnownFileType = file.xib; path = DetailTableViewCell.xib; sourceTree = "<group>"; };
		C2B3BDDB2B4FF1D7004A8E9A /* ADTableViewCell.swift */ = {isa = PBXFileReference; lastKnownFileType = sourcecode.swift; path = ADTableViewCell.swift; sourceTree = "<group>"; };
		C2B3BDDC2B4FF1D7004A8E9A /* ADTableViewCell.xib */ = {isa = PBXFileReference; lastKnownFileType = file.xib; path = ADTableViewCell.xib; sourceTree = "<group>"; };
		C2B3BDE12B4FFBDD004A8E9A /* Detail.storyboard */ = {isa = PBXFileReference; lastKnownFileType = file.storyboard; path = Detail.storyboard; sourceTree = "<group>"; };
/* End PBXFileReference section */

/* Begin PBXFrameworksBuildPhase section */
		C293A6042B480B7C00B7D97B /* Frameworks */ = {
			isa = PBXFrameworksBuildPhase;
			buildActionMask = 2147483647;
			files = (
				C267089B2B4C01CA0069223A /* Kingfisher in Frameworks */,
			);
			runOnlyForDeploymentPostprocessing = 0;
		};
/* End PBXFrameworksBuildPhase section */

/* Begin PBXGroup section */
		C263A8592B5509D1006BB0E5 /* Protocol */ = {
			isa = PBXGroup;
			children = (
				C263A85A2B5509DF006BB0E5 /* Protocol.swift */,
			);
			path = Protocol;
			sourceTree = "<group>";
		};
		C263A85C2B550DD4006BB0E5 /* Data */ = {
			isa = PBXGroup;
			children = (
				C26708932B4BEBFA0069223A /* MagazineInfo.swift */,
			);
			path = Data;
			sourceTree = "<group>";
		};
		C293A5FE2B480B7C00B7D97B = {
			isa = PBXGroup;
			children = (
				C293A6092B480B7C00B7D97B /* SeSAC_HW_TableViewController */,
				C293A6082B480B7C00B7D97B /* Products */,
			);
			sourceTree = "<group>";
		};
		C293A6082B480B7C00B7D97B /* Products */ = {
			isa = PBXGroup;
			children = (
				C293A6072B480B7C00B7D97B /* SeSAC_HW_TableViewController.app */,
			);
			name = Products;
			sourceTree = "<group>";
		};
		C293A6092B480B7C00B7D97B /* SeSAC_HW_TableViewController */ = {
			isa = PBXGroup;
			children = (
				C263A8592B5509D1006BB0E5 /* Protocol */,
				C2B3BDCB2B4FEA88004A8E9A /* 9회차 숙제 */,
				C2B3BDCC2B4FEAAD004A8E9A /* Travel Magazine */,
				C2B3BDCD2B4FEAC6004A8E9A /* Travel City */,
				C293A60A2B480B7C00B7D97B /* AppDelegate.swift */,
				C293A60C2B480B7C00B7D97B /* SceneDelegate.swift */,
				C293A60E2B480B7C00B7D97B /* ViewController.swift */,
				C293A6132B480B7E00B7D97B /* Assets.xcassets */,
				C293A6152B480B7E00B7D97B /* LaunchScreen.storyboard */,
				C293A6182B480B7E00B7D97B /* Info.plist */,
				C293A6102B480B7C00B7D97B /* Main.storyboard */,
			);
			path = SeSAC_HW_TableViewController;
			sourceTree = "<group>";
		};
		C2B3BDCB2B4FEA88004A8E9A /* 9회차 숙제 */ = {
			isa = PBXGroup;
			children = (
				C293A61E2B48146F00B7D97B /* SettingTableViewController.swift */,
				C293A6202B481DD500B7D97B /* ShoppingTableViewController.swift */,
				C293A6222B481F9200B7D97B /* ShoppingTableViewCell.swift */,
			);
			name = "9회차 숙제";
			path = "9회차 숙제";
			sourceTree = "<group>";
		};
		C2B3BDCC2B4FEAAD004A8E9A /* Travel Magazine */ = {
			isa = PBXGroup;
			children = (
				C263A85C2B550DD4006BB0E5 /* Data */,
				C26708952B4BF0C90069223A /* TravelMagazineTableViewController.swift */,
				C26708972B4BF0F80069223A /* TravelMagazineTableViewCell.swift */,
				C263A8522B54FB9E006BB0E5 /* MagazineDetailViewController.swift */,
			);
			path = "Travel Magazine";
			sourceTree = "<group>";
		};
		C2B3BDCD2B4FEAC6004A8E9A /* Travel City */ = {
			isa = PBXGroup;
			children = (
				C2B3BDC92B4FE8B1004A8E9A /* TravelModel.swift */,
				C26708AF2B4D32280069223A /* CityInfo.swift */,
				C2B3BDE02B4FF1FB004A8E9A /* Cell */,
				C2B3BDDF2B4FF1EC004A8E9A /* View */,
				C2B3BDCE2B4FEB15004A8E9A /* Practice */,
				C2B3BDE12B4FFBDD004A8E9A /* Detail.storyboard */,
			);
			path = "Travel City";
			sourceTree = "<group>";
		};
		C2B3BDCE2B4FEB15004A8E9A /* Practice */ = {
			isa = PBXGroup;
			children = (
				C26708B52B4D33F90069223A /* TravelCityCollectionViewController.swift */,
				C26708B72B4D34F50069223A /* TravelCityCollectionViewCell.swift */,
				C26708B92B4D3EAD0069223A /* TravelCity2CollectionViewController.swift */,
				C26708BB2B4D3F160069223A /* TravelCity2CollectionViewCell.swift */,
				C26708BC2B4D3F160069223A /* TravelCity2CollectionViewCell.xib */,
			);
			path = Practice;
			sourceTree = "<group>";
		};
		C2B3BDDF2B4FF1EC004A8E9A /* View */ = {
			isa = PBXGroup;
			children = (
				C26708C92B4D5E610069223A /* TravelCity3ViewController.swift */,
				C2B3BDD12B4FF182004A8E9A /* TravelDetailViewController.swift */,
				C23DC4412B724680000BEB58 /* DetailScreen.storyboard */,
				C2A99AA12B734DA300088502 /* DetailViewController.swift */,
			);
			path = View;
			sourceTree = "<group>";
		};
		C2B3BDE02B4FF1FB004A8E9A /* Cell */ = {
			isa = PBXGroup;
			children = (
				C26708C52B4D5BD70069223A /* TravelCity3CollectionViewCell.swift */,
				C26708C62B4D5BD70069223A /* TravelCity3CollectionViewCell.xib */,
				C2B3BDD72B4FF1C6004A8E9A /* DetailTableViewCell.swift */,
				C2B3BDD82B4FF1C6004A8E9A /* DetailTableViewCell.xib */,
				C2B3BDDB2B4FF1D7004A8E9A /* ADTableViewCell.swift */,
				C2B3BDDC2B4FF1D7004A8E9A /* ADTableViewCell.xib */,
			);
			path = Cell;
			sourceTree = "<group>";
		};
/* End PBXGroup section */

/* Begin PBXNativeTarget section */
		C293A6062B480B7C00B7D97B /* SeSAC_HW_TableViewController */ = {
			isa = PBXNativeTarget;
			buildConfigurationList = C293A61B2B480B7E00B7D97B /* Build configuration list for PBXNativeTarget "SeSAC_HW_TableViewController" */;
			buildPhases = (
				C293A6032B480B7C00B7D97B /* Sources */,
				C293A6042B480B7C00B7D97B /* Frameworks */,
				C293A6052B480B7C00B7D97B /* Resources */,
			);
			buildRules = (
			);
			dependencies = (
			);
			name = SeSAC_HW_TableViewController;
			packageProductDependencies = (
				C267089A2B4C01CA0069223A /* Kingfisher */,
			);
			productName = SeSAC_HW_TableViewController;
			productReference = C293A6072B480B7C00B7D97B /* SeSAC_HW_TableViewController.app */;
			productType = "com.apple.product-type.application";
		};
/* End PBXNativeTarget section */

/* Begin PBXProject section */
		C293A5FF2B480B7C00B7D97B /* Project object */ = {
			isa = PBXProject;
			attributes = {
				BuildIndependentTargetsInParallel = 1;
				LastSwiftUpdateCheck = 1510;
				LastUpgradeCheck = 1510;
				TargetAttributes = {
					C293A6062B480B7C00B7D97B = {
						CreatedOnToolsVersion = 15.1;
					};
				};
			};
			buildConfigurationList = C293A6022B480B7C00B7D97B /* Build configuration list for PBXProject "SeSAC_HW_TableViewController" */;
			compatibilityVersion = "Xcode 14.0";
			developmentRegion = en;
			hasScannedForEncodings = 0;
			knownRegions = (
				en,
				Base,
			);
			mainGroup = C293A5FE2B480B7C00B7D97B;
			packageReferences = (
				C26708992B4C01CA0069223A /* XCRemoteSwiftPackageReference "Kingfisher" */,
			);
			productRefGroup = C293A6082B480B7C00B7D97B /* Products */;
			projectDirPath = "";
			projectRoot = "";
			targets = (
				C293A6062B480B7C00B7D97B /* SeSAC_HW_TableViewController */,
			);
		};
/* End PBXProject section */

/* Begin PBXResourcesBuildPhase section */
		C293A6052B480B7C00B7D97B /* Resources */ = {
			isa = PBXResourcesBuildPhase;
			buildActionMask = 2147483647;
			files = (
				C293A6172B480B7E00B7D97B /* LaunchScreen.storyboard in Resources */,
				C26708C82B4D5BD70069223A /* TravelCity3CollectionViewCell.xib in Resources */,
				C293A6142B480B7E00B7D97B /* Assets.xcassets in Resources */,
				C2B3BDE22B4FFBDD004A8E9A /* Detail.storyboard in Resources */,
				C26708BE2B4D3F160069223A /* TravelCity2CollectionViewCell.xib in Resources */,
				C23DC4422B724680000BEB58 /* DetailScreen.storyboard in Resources */,
				C2B3BDDA2B4FF1C6004A8E9A /* DetailTableViewCell.xib in Resources */,
				C2B3BDDE2B4FF1D7004A8E9A /* ADTableViewCell.xib in Resources */,
				C293A6122B480B7C00B7D97B /* Main.storyboard in Resources */,
			);
			runOnlyForDeploymentPostprocessing = 0;
		};
/* End PBXResourcesBuildPhase section */

/* Begin PBXSourcesBuildPhase section */
		C293A6032B480B7C00B7D97B /* Sources */ = {
			isa = PBXSourcesBuildPhase;
			buildActionMask = 2147483647;
			files = (
				C2B3BDDD2B4FF1D7004A8E9A /* ADTableViewCell.swift in Sources */,
				C26708BD2B4D3F160069223A /* TravelCity2CollectionViewCell.swift in Sources */,
				C2A99AA22B734DA300088502 /* DetailViewController.swift in Sources */,
				C293A61F2B48146F00B7D97B /* SettingTableViewController.swift in Sources */,
				C293A6232B481F9200B7D97B /* ShoppingTableViewCell.swift in Sources */,
				C2B3BDCA2B4FE8B2004A8E9A /* TravelModel.swift in Sources */,
				C26708CA2B4D5E610069223A /* TravelCity3ViewController.swift in Sources */,
				C26708B02B4D32280069223A /* CityInfo.swift in Sources */,
				C263A8532B54FB9E006BB0E5 /* MagazineDetailViewController.swift in Sources */,
				C293A60F2B480B7C00B7D97B /* ViewController.swift in Sources */,
				C26708B62B4D33F90069223A /* TravelCityCollectionViewController.swift in Sources */,
				C26708962B4BF0C90069223A /* TravelMagazineTableViewController.swift in Sources */,
				C26708C72B4D5BD70069223A /* TravelCity3CollectionViewCell.swift in Sources */,
				C2B3BDD22B4FF182004A8E9A /* TravelDetailViewController.swift in Sources */,
				C293A60B2B480B7C00B7D97B /* AppDelegate.swift in Sources */,
				C26708942B4BEBFA0069223A /* MagazineInfo.swift in Sources */,
				C293A6212B481DD500B7D97B /* ShoppingTableViewController.swift in Sources */,
				C293A60D2B480B7C00B7D97B /* SceneDelegate.swift in Sources */,
				C263A85B2B5509DF006BB0E5 /* Protocol.swift in Sources */,
				C26708BA2B4D3EAD0069223A /* TravelCity2CollectionViewController.swift in Sources */,
				C26708982B4BF0F80069223A /* TravelMagazineTableViewCell.swift in Sources */,
				C26708B82B4D34F50069223A /* TravelCityCollectionViewCell.swift in Sources */,
				C2B3BDD92B4FF1C6004A8E9A /* DetailTableViewCell.swift in Sources */,
			);
			runOnlyForDeploymentPostprocessing = 0;
		};
/* End PBXSourcesBuildPhase section */

/* Begin PBXVariantGroup section */
		C293A6102B480B7C00B7D97B /* Main.storyboard */ = {
			isa = PBXVariantGroup;
			children = (
				C293A6112B480B7C00B7D97B /* Base */,
			);
			name = Main.storyboard;
			sourceTree = "<group>";
		};
		C293A6152B480B7E00B7D97B /* LaunchScreen.storyboard */ = {
			isa = PBXVariantGroup;
			children = (
				C293A6162B480B7E00B7D97B /* Base */,
			);
			name = LaunchScreen.storyboard;
			sourceTree = "<group>";
		};
/* End PBXVariantGroup section */

/* Begin XCBuildConfiguration section */
		C293A6192B480B7E00B7D97B /* Debug */ = {
			isa = XCBuildConfiguration;
			buildSettings = {
				ALWAYS_SEARCH_USER_PATHS = NO;
				ASSETCATALOG_COMPILER_GENERATE_SWIFT_ASSET_SYMBOL_EXTENSIONS = YES;
				CLANG_ANALYZER_NONNULL = YES;
				CLANG_ANALYZER_NUMBER_OBJECT_CONVERSION = YES_AGGRESSIVE;
				CLANG_CXX_LANGUAGE_STANDARD = "gnu++20";
				CLANG_ENABLE_MODULES = YES;
				CLANG_ENABLE_OBJC_ARC = YES;
				CLANG_ENABLE_OBJC_WEAK = YES;
				CLANG_WARN_BLOCK_CAPTURE_AUTORELEASING = YES;
				CLANG_WARN_BOOL_CONVERSION = YES;
				CLANG_WARN_COMMA = YES;
				CLANG_WARN_CONSTANT_CONVERSION = YES;
				CLANG_WARN_DEPRECATED_OBJC_IMPLEMENTATIONS = YES;
				CLANG_WARN_DIRECT_OBJC_ISA_USAGE = YES_ERROR;
				CLANG_WARN_DOCUMENTATION_COMMENTS = YES;
				CLANG_WARN_EMPTY_BODY = YES;
				CLANG_WARN_ENUM_CONVERSION = YES;
				CLANG_WARN_INFINITE_RECURSION = YES;
				CLANG_WARN_INT_CONVERSION = YES;
				CLANG_WARN_NON_LITERAL_NULL_CONVERSION = YES;
				CLANG_WARN_OBJC_IMPLICIT_RETAIN_SELF = YES;
				CLANG_WARN_OBJC_LITERAL_CONVERSION = YES;
				CLANG_WARN_OBJC_ROOT_CLASS = YES_ERROR;
				CLANG_WARN_QUOTED_INCLUDE_IN_FRAMEWORK_HEADER = YES;
				CLANG_WARN_RANGE_LOOP_ANALYSIS = YES;
				CLANG_WARN_STRICT_PROTOTYPES = YES;
				CLANG_WARN_SUSPICIOUS_MOVE = YES;
				CLANG_WARN_UNGUARDED_AVAILABILITY = YES_AGGRESSIVE;
				CLANG_WARN_UNREACHABLE_CODE = YES;
				CLANG_WARN__DUPLICATE_METHOD_MATCH = YES;
				COPY_PHASE_STRIP = NO;
				DEBUG_INFORMATION_FORMAT = dwarf;
				ENABLE_STRICT_OBJC_MSGSEND = YES;
				ENABLE_TESTABILITY = YES;
				ENABLE_USER_SCRIPT_SANDBOXING = YES;
				GCC_C_LANGUAGE_STANDARD = gnu17;
				GCC_DYNAMIC_NO_PIC = NO;
				GCC_NO_COMMON_BLOCKS = YES;
				GCC_OPTIMIZATION_LEVEL = 0;
				GCC_PREPROCESSOR_DEFINITIONS = (
					"DEBUG=1",
					"$(inherited)",
				);
				GCC_WARN_64_TO_32_BIT_CONVERSION = YES;
				GCC_WARN_ABOUT_RETURN_TYPE = YES_ERROR;
				GCC_WARN_UNDECLARED_SELECTOR = YES;
				GCC_WARN_UNINITIALIZED_AUTOS = YES_AGGRESSIVE;
				GCC_WARN_UNUSED_FUNCTION = YES;
				GCC_WARN_UNUSED_VARIABLE = YES;
				IPHONEOS_DEPLOYMENT_TARGET = 17.2;
				LOCALIZATION_PREFERS_STRING_CATALOGS = YES;
				MTL_ENABLE_DEBUG_INFO = INCLUDE_SOURCE;
				MTL_FAST_MATH = YES;
				ONLY_ACTIVE_ARCH = YES;
				SDKROOT = iphoneos;
				SWIFT_ACTIVE_COMPILATION_CONDITIONS = "DEBUG $(inherited)";
				SWIFT_OPTIMIZATION_LEVEL = "-Onone";
			};
			name = Debug;
		};
		C293A61A2B480B7E00B7D97B /* Release */ = {
			isa = XCBuildConfiguration;
			buildSettings = {
				ALWAYS_SEARCH_USER_PATHS = NO;
				ASSETCATALOG_COMPILER_GENERATE_SWIFT_ASSET_SYMBOL_EXTENSIONS = YES;
				CLANG_ANALYZER_NONNULL = YES;
				CLANG_ANALYZER_NUMBER_OBJECT_CONVERSION = YES_AGGRESSIVE;
				CLANG_CXX_LANGUAGE_STANDARD = "gnu++20";
				CLANG_ENABLE_MODULES = YES;
				CLANG_ENABLE_OBJC_ARC = YES;
				CLANG_ENABLE_OBJC_WEAK = YES;
				CLANG_WARN_BLOCK_CAPTURE_AUTORELEASING = YES;
				CLANG_WARN_BOOL_CONVERSION = YES;
				CLANG_WARN_COMMA = YES;
				CLANG_WARN_CONSTANT_CONVERSION = YES;
				CLANG_WARN_DEPRECATED_OBJC_IMPLEMENTATIONS = YES;
				CLANG_WARN_DIRECT_OBJC_ISA_USAGE = YES_ERROR;
				CLANG_WARN_DOCUMENTATION_COMMENTS = YES;
				CLANG_WARN_EMPTY_BODY = YES;
				CLANG_WARN_ENUM_CONVERSION = YES;
				CLANG_WARN_INFINITE_RECURSION = YES;
				CLANG_WARN_INT_CONVERSION = YES;
				CLANG_WARN_NON_LITERAL_NULL_CONVERSION = YES;
				CLANG_WARN_OBJC_IMPLICIT_RETAIN_SELF = YES;
				CLANG_WARN_OBJC_LITERAL_CONVERSION = YES;
				CLANG_WARN_OBJC_ROOT_CLASS = YES_ERROR;
				CLANG_WARN_QUOTED_INCLUDE_IN_FRAMEWORK_HEADER = YES;
				CLANG_WARN_RANGE_LOOP_ANALYSIS = YES;
				CLANG_WARN_STRICT_PROTOTYPES = YES;
				CLANG_WARN_SUSPICIOUS_MOVE = YES;
				CLANG_WARN_UNGUARDED_AVAILABILITY = YES_AGGRESSIVE;
				CLANG_WARN_UNREACHABLE_CODE = YES;
				CLANG_WARN__DUPLICATE_METHOD_MATCH = YES;
				COPY_PHASE_STRIP = NO;
				DEBUG_INFORMATION_FORMAT = "dwarf-with-dsym";
				ENABLE_NS_ASSERTIONS = NO;
				ENABLE_STRICT_OBJC_MSGSEND = YES;
				ENABLE_USER_SCRIPT_SANDBOXING = YES;
				GCC_C_LANGUAGE_STANDARD = gnu17;
				GCC_NO_COMMON_BLOCKS = YES;
				GCC_WARN_64_TO_32_BIT_CONVERSION = YES;
				GCC_WARN_ABOUT_RETURN_TYPE = YES_ERROR;
				GCC_WARN_UNDECLARED_SELECTOR = YES;
				GCC_WARN_UNINITIALIZED_AUTOS = YES_AGGRESSIVE;
				GCC_WARN_UNUSED_FUNCTION = YES;
				GCC_WARN_UNUSED_VARIABLE = YES;
				IPHONEOS_DEPLOYMENT_TARGET = 17.2;
				LOCALIZATION_PREFERS_STRING_CATALOGS = YES;
				MTL_ENABLE_DEBUG_INFO = NO;
				MTL_FAST_MATH = YES;
				SDKROOT = iphoneos;
				SWIFT_COMPILATION_MODE = wholemodule;
				VALIDATE_PRODUCT = YES;
			};
			name = Release;
		};
		C293A61C2B480B7E00B7D97B /* Debug */ = {
			isa = XCBuildConfiguration;
			buildSettings = {
				ASSETCATALOG_COMPILER_APPICON_NAME = AppIcon;
				ASSETCATALOG_COMPILER_GLOBAL_ACCENT_COLOR_NAME = AccentColor;
				CODE_SIGN_STYLE = Automatic;
				CURRENT_PROJECT_VERSION = 1;
				DEVELOPMENT_TEAM = 8HG96SSK4A;
				GENERATE_INFOPLIST_FILE = YES;
				INFOPLIST_FILE = SeSAC_HW_TableViewController/Info.plist;
				INFOPLIST_KEY_UIApplicationSupportsIndirectInputEvents = YES;
				INFOPLIST_KEY_UILaunchStoryboardName = LaunchScreen;
				INFOPLIST_KEY_UIMainStoryboardFile = Main;
				INFOPLIST_KEY_UISupportedInterfaceOrientations_iPad = "UIInterfaceOrientationPortrait UIInterfaceOrientationPortraitUpsideDown UIInterfaceOrientationLandscapeLeft UIInterfaceOrientationLandscapeRight";
				INFOPLIST_KEY_UISupportedInterfaceOrientations_iPhone = "UIInterfaceOrientationPortrait UIInterfaceOrientationLandscapeLeft UIInterfaceOrientationLandscapeRight";
				LD_RUNPATH_SEARCH_PATHS = (
					"$(inherited)",
					"@executable_path/Frameworks",
				);
				MARKETING_VERSION = 1.0;
				PRODUCT_BUNDLE_IDENTIFIER = "com.cyndi.SeSAC-HW-TableViewController";
				PRODUCT_NAME = "$(TARGET_NAME)";
				SWIFT_EMIT_LOC_STRINGS = YES;
				SWIFT_VERSION = 5.0;
				TARGETED_DEVICE_FAMILY = "1,2";
			};
			name = Debug;
		};
		C293A61D2B480B7E00B7D97B /* Release */ = {
			isa = XCBuildConfiguration;
			buildSettings = {
				ASSETCATALOG_COMPILER_APPICON_NAME = AppIcon;
				ASSETCATALOG_COMPILER_GLOBAL_ACCENT_COLOR_NAME = AccentColor;
				CODE_SIGN_STYLE = Automatic;
				CURRENT_PROJECT_VERSION = 1;
				DEVELOPMENT_TEAM = 8HG96SSK4A;
				GENERATE_INFOPLIST_FILE = YES;
				INFOPLIST_FILE = SeSAC_HW_TableViewController/Info.plist;
				INFOPLIST_KEY_UIApplicationSupportsIndirectInputEvents = YES;
				INFOPLIST_KEY_UILaunchStoryboardName = LaunchScreen;
				INFOPLIST_KEY_UIMainStoryboardFile = Main;
				INFOPLIST_KEY_UISupportedInterfaceOrientations_iPad = "UIInterfaceOrientationPortrait UIInterfaceOrientationPortraitUpsideDown UIInterfaceOrientationLandscapeLeft UIInterfaceOrientationLandscapeRight";
				INFOPLIST_KEY_UISupportedInterfaceOrientations_iPhone = "UIInterfaceOrientationPortrait UIInterfaceOrientationLandscapeLeft UIInterfaceOrientationLandscapeRight";
				LD_RUNPATH_SEARCH_PATHS = (
					"$(inherited)",
					"@executable_path/Frameworks",
				);
				MARKETING_VERSION = 1.0;
				PRODUCT_BUNDLE_IDENTIFIER = "com.cyndi.SeSAC-HW-TableViewController";
				PRODUCT_NAME = "$(TARGET_NAME)";
				SWIFT_EMIT_LOC_STRINGS = YES;
				SWIFT_VERSION = 5.0;
				TARGETED_DEVICE_FAMILY = "1,2";
			};
			name = Release;
		};
/* End XCBuildConfiguration section */

/* Begin XCConfigurationList section */
		C293A6022B480B7C00B7D97B /* Build configuration list for PBXProject "SeSAC_HW_TableViewController" */ = {
			isa = XCConfigurationList;
			buildConfigurations = (
				C293A6192B480B7E00B7D97B /* Debug */,
				C293A61A2B480B7E00B7D97B /* Release */,
			);
			defaultConfigurationIsVisible = 0;
			defaultConfigurationName = Release;
		};
		C293A61B2B480B7E00B7D97B /* Build configuration list for PBXNativeTarget "SeSAC_HW_TableViewController" */ = {
			isa = XCConfigurationList;
			buildConfigurations = (
				C293A61C2B480B7E00B7D97B /* Debug */,
				C293A61D2B480B7E00B7D97B /* Release */,
			);
			defaultConfigurationIsVisible = 0;
			defaultConfigurationName = Release;
		};
/* End XCConfigurationList section */

/* Begin XCRemoteSwiftPackageReference section */
		C26708992B4C01CA0069223A /* XCRemoteSwiftPackageReference "Kingfisher" */ = {
			isa = XCRemoteSwiftPackageReference;
			repositoryURL = "https://github.com/onevcat/Kingfisher";
			requirement = {
				kind = upToNextMajorVersion;
				minimumVersion = 7.10.1;
			};
		};
/* End XCRemoteSwiftPackageReference section */

/* Begin XCSwiftPackageProductDependency section */
		C267089A2B4C01CA0069223A /* Kingfisher */ = {
			isa = XCSwiftPackageProductDependency;
			package = C26708992B4C01CA0069223A /* XCRemoteSwiftPackageReference "Kingfisher" */;
			productName = Kingfisher;
		};
/* End XCSwiftPackageProductDependency section */
	};
	rootObject = C293A5FF2B480B7C00B7D97B /* Project object */;
}
